github.com/charmbracelet/crush v0.9.2 h1:O7ev7CRvFVbveERdf7afvK+6Te0cfsHp3cRQVoNou0w=
github.com/charmbracelet/crush v0.9.2/go.mod h1:HPKFRyH4QokAc+hFJbuu3G1l8+K528ApAlS43nCs9VA=
gopkg.in/natefinch/lumberjack.v2 v2.2.1 h1:bBRl1b0OH9s/DuPhuXpNl+VtCaJXFZ5/uEFST95x9zc=
gopkg.in/natefinch/lumberjack.v2 v2.2.1/go.mod h1:YD8tP3GAjkrDg1eZH7EGmyESg/lsYskCTPBJVb9jqSc=
